PODS:
  - Alamofire (4.4.0)
  - CryptoSwift (0.6.8)
  - FileKit (4.0.1)
  - HTTPStatusCodes (3.1.1)
  - Locksmith (3.0.0)
  - Nimble (6.1.0)
  - Realm (2.5.1):
    - Realm/Headers (= 2.5.1)
  - Realm/Headers (2.5.1)
  - RealmSwift (2.5.1):
    - Realm (= 2.5.1)
  - SwiftyJSON (3.1.4)

DEPENDENCIES:
  - Alamofire (~> 4.4.0)
  - CryptoSwift (~> 0.6.8)
  - FileKit (~> 4.0.1)
  - HTTPStatusCodes (~> 3.1.1)
  - Locksmith (~> 3.0.0)
  - Nimble (~> 6.1.0)
  - RealmSwift (~> 2.5.0)
  - SwiftyJSON (~> 3.1.4)

SPEC CHECKSUMS:
  Alamofire: dc44b1600b800eb63da6a19039a0083d62a6a62d
  CryptoSwift: f21ea03ed3a94e79d241648ce26652cd4810508a
  FileKit: 1ea916f594bc0bb9a3951f80edf92b52bb7f883c
  HTTPStatusCodes: a9a24d028b1efc6585561df7eb4d334adf133273
  Locksmith: 310b4cc5031af5728bf4db5d4de547a5100c6a3b
  Nimble: c53e6903fee94041b90ded74f135820437d8bf59
  Realm: 32f86104d37c8521f864d4274050b38ba6190733
  RealmSwift: f719e7511c902b8908593e8f143f59e47931bdb6
  SwiftyJSON: c2842d878f95482ffceec5709abc3d05680c0220

PODFILE CHECKSUM: 61d40a8c9b6d0702792159ad5a4a52cbaef64aca

COCOAPODS: 1.2.0
