PODS:
  - Alamofire (3.2.1)
  - CryptoSwift (0.3.1)
  - HTTPStatusCodes (2.0.2)
  - Nimble (3.2.0)
  - SwiftyJSON (2.3.2)

DEPENDENCIES:
  - Alamofire (~> 3.2.1)
  - CryptoSwift (~> 0.3.1)
  - HTTPStatusCodes (~> 2.0.2)
  - Nimble (~> 3.2.0)
  - SwiftyJSON (~> 2.3.2)

SPEC CHECKSUMS:
  Alamofire: f11d8624a05f5d39e0c99309b3e600a3ba64298a
  CryptoSwift: baf01e3fb3226c0155cd54c266be882b13d45d5e
  HTTPStatusCodes: 60713f0bc67cd1a03ebe2740c8a765788c720ef5
  Nimble: 703854335d181df169bbca9c97117b5cf8c47c1d
  SwiftyJSON: 04ccea08915aa0109039157c7974cf0298da292a

COCOAPODS: 0.38.2
