// !$*UTF8*$!
{
	archiveVersion = 1;
	classes = {
	};
	objectVersion = 46;
	objects = {

/* Begin PBXBuildFile section */
		002FE9DE9A61A9642A75A9B6 /* Pods_PilotUITests.framework in Frameworks */ = {isa = PBXBuildFile; fileRef = 320FA2151D50DC4CC5B30655 /* Pods_PilotUITests.framework */; };
		1418CD151BD4857900CD0540 /* PilotUserService.swift in Sources */ = {isa = PBXBuildFile; fileRef = 1418CD141BD4857900CD0540 /* PilotUserService.swift */; };
		1418CD171BD488AA00CD0540 /* PilotUser.swift in Sources */ = {isa = PBXBuildFile; fileRef = 1418CD161BD488AA00CD0540 /* PilotUser.swift */; };
		1418CD191BD48AFA00CD0540 /* PasswordService.swift in Sources */ = {isa = PBXBuildFile; fileRef = 1418CD181BD48AFA00CD0540 /* PasswordService.swift */; };
		146693111BE94F1F006655A2 /* LoginViewController.xib in Resources */ = {isa = PBXBuildFile; fileRef = 146693101BE94F1F006655A2 /* LoginViewController.xib */; };
		14C24E531E94A7A1008B284A /* PilotTests.swift in Sources */ = {isa = PBXBuildFile; fileRef = 14C24E521E94A7A1008B284A /* PilotTests.swift */; };
		14E1BD851C5321D20021FF9F /* PilotFile.swift in Sources */ = {isa = PBXBuildFile; fileRef = 14E1BD841C5321D20021FF9F /* PilotFile.swift */; };
		14EA51831BB777E20099C25E /* AppDelegate.swift in Sources */ = {isa = PBXBuildFile; fileRef = 14EA51821BB777E20099C25E /* AppDelegate.swift */; };
		14EA51851BB777E20099C25E /* Assets.xcassets in Resources */ = {isa = PBXBuildFile; fileRef = 14EA51841BB777E20099C25E /* Assets.xcassets */; };
		14EA519E1BB777E30099C25E /* PilotUITests.swift in Sources */ = {isa = PBXBuildFile; fileRef = 14EA519D1BB777E30099C25E /* PilotUITests.swift */; };
		14EA51AE1BB783640099C25E /* MainViewController.swift in Sources */ = {isa = PBXBuildFile; fileRef = 14EA51AC1BB783640099C25E /* MainViewController.swift */; };
		14EA51AF1BB783640099C25E /* MainViewController.xib in Resources */ = {isa = PBXBuildFile; fileRef = 14EA51AD1BB783640099C25E /* MainViewController.xib */; };
		14EA51B21BB797720099C25E /* Platform.swift in Sources */ = {isa = PBXBuildFile; fileRef = 14EA51B11BB797720099C25E /* Platform.swift */; };
		14EFF6C61D39EF6B004A357E /* PilotColors.swift in Sources */ = {isa = PBXBuildFile; fileRef = 14EFF6C51D39EF6B004A357E /* PilotColors.swift */; };
		5AE21CF4E7CA1FA1C435F65D /* Pods_Pilot.framework in Frameworks */ = {isa = PBXBuildFile; fileRef = 3558379224EF4876BD6B8B00 /* Pods_Pilot.framework */; };
		942BF5AE1D63F25E004C98A1 /* MainMenu.xib in Resources */ = {isa = PBXBuildFile; fileRef = 942BF5AD1D63F25E004C98A1 /* MainMenu.xib */; };
		946378D11D5D9FCE005CD845 /* ErrorController.swift in Sources */ = {isa = PBXBuildFile; fileRef = 946378D01D5D9FCE005CD845 /* ErrorController.swift */; };
		946378D21D6035F1005CD845 /* LoginViewController.swift in Sources */ = {isa = PBXBuildFile; fileRef = 1418CD101BD4825C00CD0540 /* LoginViewController.swift */; };
		946378D31D60DF22005CD845 /* FacebookService.swift in Sources */ = {isa = PBXBuildFile; fileRef = 145EACD51BC0A4F800EE8790 /* FacebookService.swift */; };
		946378D61D63AEB0005CD845 /* CollectionViewController.swift in Sources */ = {isa = PBXBuildFile; fileRef = 946378D41D63AEB0005CD845 /* CollectionViewController.swift */; };
		946378D71D63AEB0005CD845 /* CollectionViewController.xib in Resources */ = {isa = PBXBuildFile; fileRef = 946378D51D63AEB0005CD845 /* CollectionViewController.xib */; };
		948668201D4EF82B00841272 /* DBController.swift in Sources */ = {isa = PBXBuildFile; fileRef = 9486681F1D4EF82B00841272 /* DBController.swift */; };
		9486F87A1D207046006CD1EB /* FileService.swift in Sources */ = {isa = PBXBuildFile; fileRef = 9486F8791D207046006CD1EB /* FileService.swift */; };
		94ABC6B21D6433A70039CE70 /* UploadViewController.swift in Sources */ = {isa = PBXBuildFile; fileRef = 94ABC6B01D6433A70039CE70 /* UploadViewController.swift */; };
		94ABC6B31D6433A70039CE70 /* UploadViewController.xib in Resources */ = {isa = PBXBuildFile; fileRef = 94ABC6B11D6433A70039CE70 /* UploadViewController.xib */; };
		94BBED931D22183D001880D7 /* FileCollectionViewItem.xib in Resources */ = {isa = PBXBuildFile; fileRef = 94BBED921D22183D001880D7 /* FileCollectionViewItem.xib */; };
		94BBED951D234613001880D7 /* DirectoryService.swift in Sources */ = {isa = PBXBuildFile; fileRef = 94BBED941D234613001880D7 /* DirectoryService.swift */; };
		94BBED991D25D972001880D7 /* Preferences.swift in Sources */ = {isa = PBXBuildFile; fileRef = 94BBED981D25D972001880D7 /* Preferences.swift */; };
		94C870CF1D3D99720005EFCC /* PlatformService.swift in Sources */ = {isa = PBXBuildFile; fileRef = 94C870CE1D3D99720005EFCC /* PlatformService.swift */; };
		94E92A031D3E9A340045250F /* CloudFile.swift in Sources */ = {isa = PBXBuildFile; fileRef = 94E92A021D3E9A340045250F /* CloudFile.swift */; };
		94E92A051D3E9A410045250F /* LocalFile.swift in Sources */ = {isa = PBXBuildFile; fileRef = 94E92A041D3E9A410045250F /* LocalFile.swift */; };
/* End PBXBuildFile section */

/* Begin PBXContainerItemProxy section */
		14C24E551E94A7A1008B284A /* PBXContainerItemProxy */ = {
			isa = PBXContainerItemProxy;
			containerPortal = 14EA51771BB777E20099C25E /* Project object */;
			proxyType = 1;
			remoteGlobalIDString = 14EA517E1BB777E20099C25E;
			remoteInfo = Pilot;
		};
		14EA519A1BB777E30099C25E /* PBXContainerItemProxy */ = {
			isa = PBXContainerItemProxy;
			containerPortal = 14EA51771BB777E20099C25E /* Project object */;
			proxyType = 1;
			remoteGlobalIDString = 14EA517E1BB777E20099C25E;
			remoteInfo = Pilot;
		};
/* End PBXContainerItemProxy section */

/* Begin PBXFileReference section */
		03EF02FDA5B627B737E2A1D7 /* Pods-PilotUITests.debug.xcconfig */ = {isa = PBXFileReference; includeInIndex = 1; lastKnownFileType = text.xcconfig; name = "Pods-PilotUITests.debug.xcconfig"; path = "Pods/Target Support Files/Pods-PilotUITests/Pods-PilotUITests.debug.xcconfig"; sourceTree = "<group>"; };
		140D1170AD1739B0C47869FB /* Pods-PilotTests.debug.xcconfig */ = {isa = PBXFileReference; includeInIndex = 1; lastKnownFileType = text.xcconfig; name = "Pods-PilotTests.debug.xcconfig"; path = "Pods/Target Support Files/Pods-PilotTests/Pods-PilotTests.debug.xcconfig"; sourceTree = "<group>"; };
		1418CD101BD4825C00CD0540 /* LoginViewController.swift */ = {isa = PBXFileReference; fileEncoding = 4; lastKnownFileType = sourcecode.swift; path = LoginViewController.swift; sourceTree = "<group>"; };
		1418CD141BD4857900CD0540 /* PilotUserService.swift */ = {isa = PBXFileReference; fileEncoding = 4; lastKnownFileType = sourcecode.swift; path = PilotUserService.swift; sourceTree = "<group>"; };
		1418CD161BD488AA00CD0540 /* PilotUser.swift */ = {isa = PBXFileReference; fileEncoding = 4; lastKnownFileType = sourcecode.swift; path = PilotUser.swift; sourceTree = "<group>"; };
		1418CD181BD48AFA00CD0540 /* PasswordService.swift */ = {isa = PBXFileReference; fileEncoding = 4; lastKnownFileType = sourcecode.swift; path = PasswordService.swift; sourceTree = "<group>"; };
		145EACD51BC0A4F800EE8790 /* FacebookService.swift */ = {isa = PBXFileReference; fileEncoding = 4; lastKnownFileType = sourcecode.swift; path = FacebookService.swift; sourceTree = "<group>"; };
		146693101BE94F1F006655A2 /* LoginViewController.xib */ = {isa = PBXFileReference; fileEncoding = 4; lastKnownFileType = file.xib; path = LoginViewController.xib; sourceTree = "<group>"; };
		14C24E501E94A7A1008B284A /* PilotTests.xctest */ = {isa = PBXFileReference; explicitFileType = wrapper.cfbundle; includeInIndex = 0; path = PilotTests.xctest; sourceTree = BUILT_PRODUCTS_DIR; };
		14C24E521E94A7A1008B284A /* PilotTests.swift */ = {isa = PBXFileReference; lastKnownFileType = sourcecode.swift; path = PilotTests.swift; sourceTree = "<group>"; };
		14C24E541E94A7A1008B284A /* Info.plist */ = {isa = PBXFileReference; lastKnownFileType = text.plist.xml; path = Info.plist; sourceTree = "<group>"; };
		14E1BD841C5321D20021FF9F /* PilotFile.swift */ = {isa = PBXFileReference; fileEncoding = 4; lastKnownFileType = sourcecode.swift; path = PilotFile.swift; sourceTree = "<group>"; };
		14EA517F1BB777E20099C25E /* Pilot.app */ = {isa = PBXFileReference; explicitFileType = wrapper.application; includeInIndex = 0; path = Pilot.app; sourceTree = BUILT_PRODUCTS_DIR; };
		14EA51821BB777E20099C25E /* AppDelegate.swift */ = {isa = PBXFileReference; lastKnownFileType = sourcecode.swift; path = AppDelegate.swift; sourceTree = "<group>"; };
		14EA51841BB777E20099C25E /* Assets.xcassets */ = {isa = PBXFileReference; lastKnownFileType = folder.assetcatalog; path = Assets.xcassets; sourceTree = "<group>"; };
		14EA51891BB777E20099C25E /* Info.plist */ = {isa = PBXFileReference; lastKnownFileType = text.plist.xml; path = Info.plist; sourceTree = "<group>"; };
		14EA51991BB777E30099C25E /* PilotUITests.xctest */ = {isa = PBXFileReference; explicitFileType = wrapper.cfbundle; includeInIndex = 0; path = PilotUITests.xctest; sourceTree = BUILT_PRODUCTS_DIR; };
		14EA519D1BB777E30099C25E /* PilotUITests.swift */ = {isa = PBXFileReference; lastKnownFileType = sourcecode.swift; path = PilotUITests.swift; sourceTree = "<group>"; };
		14EA519F1BB777E30099C25E /* Info.plist */ = {isa = PBXFileReference; lastKnownFileType = text.plist.xml; path = Info.plist; sourceTree = "<group>"; };
		14EA51AC1BB783640099C25E /* MainViewController.swift */ = {isa = PBXFileReference; fileEncoding = 4; lastKnownFileType = sourcecode.swift; path = MainViewController.swift; sourceTree = "<group>"; };
		14EA51AD1BB783640099C25E /* MainViewController.xib */ = {isa = PBXFileReference; fileEncoding = 4; lastKnownFileType = file.xib; path = MainViewController.xib; sourceTree = "<group>"; };
		14EA51B11BB797720099C25E /* Platform.swift */ = {isa = PBXFileReference; fileEncoding = 4; lastKnownFileType = sourcecode.swift; path = Platform.swift; sourceTree = "<group>"; };
		14EFF6C51D39EF6B004A357E /* PilotColors.swift */ = {isa = PBXFileReference; fileEncoding = 4; lastKnownFileType = sourcecode.swift; path = PilotColors.swift; sourceTree = "<group>"; };
		320FA2151D50DC4CC5B30655 /* Pods_PilotUITests.framework */ = {isa = PBXFileReference; explicitFileType = wrapper.framework; includeInIndex = 0; path = Pods_PilotUITests.framework; sourceTree = BUILT_PRODUCTS_DIR; };
		3558379224EF4876BD6B8B00 /* Pods_Pilot.framework */ = {isa = PBXFileReference; explicitFileType = wrapper.framework; includeInIndex = 0; path = Pods_Pilot.framework; sourceTree = BUILT_PRODUCTS_DIR; };
		55838F35841B46908B82725C /* Pods-PilotTests.release.xcconfig */ = {isa = PBXFileReference; includeInIndex = 1; lastKnownFileType = text.xcconfig; name = "Pods-PilotTests.release.xcconfig"; path = "Pods/Target Support Files/Pods-PilotTests/Pods-PilotTests.release.xcconfig"; sourceTree = "<group>"; };
		57420D71C7ED7E597D521B87 /* Pods-Pilot.release.xcconfig */ = {isa = PBXFileReference; includeInIndex = 1; lastKnownFileType = text.xcconfig; name = "Pods-Pilot.release.xcconfig"; path = "Pods/Target Support Files/Pods-Pilot/Pods-Pilot.release.xcconfig"; sourceTree = "<group>"; };
		5D98F484C02889241ADABBBF /* Pods-PilotUITests.release.xcconfig */ = {isa = PBXFileReference; includeInIndex = 1; lastKnownFileType = text.xcconfig; name = "Pods-PilotUITests.release.xcconfig"; path = "Pods/Target Support Files/Pods-PilotUITests/Pods-PilotUITests.release.xcconfig"; sourceTree = "<group>"; };
		942BF5AD1D63F25E004C98A1 /* MainMenu.xib */ = {isa = PBXFileReference; fileEncoding = 4; lastKnownFileType = file.xib; path = MainMenu.xib; sourceTree = "<group>"; };
		946378D01D5D9FCE005CD845 /* ErrorController.swift */ = {isa = PBXFileReference; fileEncoding = 4; lastKnownFileType = sourcecode.swift; path = ErrorController.swift; sourceTree = "<group>"; };
		946378D41D63AEB0005CD845 /* CollectionViewController.swift */ = {isa = PBXFileReference; fileEncoding = 4; lastKnownFileType = sourcecode.swift; path = CollectionViewController.swift; sourceTree = "<group>"; };
		946378D51D63AEB0005CD845 /* CollectionViewController.xib */ = {isa = PBXFileReference; fileEncoding = 4; lastKnownFileType = file.xib; path = CollectionViewController.xib; sourceTree = "<group>"; };
		9486681F1D4EF82B00841272 /* DBController.swift */ = {isa = PBXFileReference; fileEncoding = 4; lastKnownFileType = sourcecode.swift; path = DBController.swift; sourceTree = "<group>"; };
		9486F8791D207046006CD1EB /* FileService.swift */ = {isa = PBXFileReference; fileEncoding = 4; lastKnownFileType = sourcecode.swift; path = FileService.swift; sourceTree = "<group>"; };
		94ABC6B01D6433A70039CE70 /* UploadViewController.swift */ = {isa = PBXFileReference; fileEncoding = 4; lastKnownFileType = sourcecode.swift; path = UploadViewController.swift; sourceTree = "<group>"; };
		94ABC6B11D6433A70039CE70 /* UploadViewController.xib */ = {isa = PBXFileReference; fileEncoding = 4; lastKnownFileType = file.xib; path = UploadViewController.xib; sourceTree = "<group>"; };
		94BBED921D22183D001880D7 /* FileCollectionViewItem.xib */ = {isa = PBXFileReference; fileEncoding = 4; lastKnownFileType = file.xib; path = FileCollectionViewItem.xib; sourceTree = "<group>"; };
		94BBED941D234613001880D7 /* DirectoryService.swift */ = {isa = PBXFileReference; fileEncoding = 4; lastKnownFileType = sourcecode.swift; path = DirectoryService.swift; sourceTree = "<group>"; };
		94BBED981D25D972001880D7 /* Preferences.swift */ = {isa = PBXFileReference; fileEncoding = 4; lastKnownFileType = sourcecode.swift; path = Preferences.swift; sourceTree = "<group>"; };
		94C870CE1D3D99720005EFCC /* PlatformService.swift */ = {isa = PBXFileReference; fileEncoding = 4; lastKnownFileType = sourcecode.swift; path = PlatformService.swift; sourceTree = "<group>"; };
		94E92A021D3E9A340045250F /* CloudFile.swift */ = {isa = PBXFileReference; fileEncoding = 4; lastKnownFileType = sourcecode.swift; path = CloudFile.swift; sourceTree = "<group>"; };
		94E92A041D3E9A410045250F /* LocalFile.swift */ = {isa = PBXFileReference; fileEncoding = 4; lastKnownFileType = sourcecode.swift; path = LocalFile.swift; sourceTree = "<group>"; };
		C41720A5880C55828DF900C8 /* Pods-Pilot.debug.xcconfig */ = {isa = PBXFileReference; includeInIndex = 1; lastKnownFileType = text.xcconfig; name = "Pods-Pilot.debug.xcconfig"; path = "Pods/Target Support Files/Pods-Pilot/Pods-Pilot.debug.xcconfig"; sourceTree = "<group>"; };
		E61E40CFEC54A00CFD9AFAB3 /* Pods_PilotTests.framework */ = {isa = PBXFileReference; explicitFileType = wrapper.framework; includeInIndex = 0; path = Pods_PilotTests.framework; sourceTree = BUILT_PRODUCTS_DIR; };
/* End PBXFileReference section */

/* Begin PBXFrameworksBuildPhase section */
		14C24E4D1E94A7A1008B284A /* Frameworks */ = {
			isa = PBXFrameworksBuildPhase;
			buildActionMask = 2147483647;
			files = (
			);
			runOnlyForDeploymentPostprocessing = 0;
		};
		14EA517C1BB777E20099C25E /* Frameworks */ = {
			isa = PBXFrameworksBuildPhase;
			buildActionMask = 2147483647;
			files = (
				5AE21CF4E7CA1FA1C435F65D /* Pods_Pilot.framework in Frameworks */,
			);
			runOnlyForDeploymentPostprocessing = 0;
		};
		14EA51961BB777E30099C25E /* Frameworks */ = {
			isa = PBXFrameworksBuildPhase;
			buildActionMask = 2147483647;
			files = (
				002FE9DE9A61A9642A75A9B6 /* Pods_PilotUITests.framework in Frameworks */,
			);
			runOnlyForDeploymentPostprocessing = 0;
		};
/* End PBXFrameworksBuildPhase section */

/* Begin PBXGroup section */
		0BB856601CAB388C0C9FAF00 /* Pods */ = {
			isa = PBXGroup;
			children = (
				C41720A5880C55828DF900C8 /* Pods-Pilot.debug.xcconfig */,
				57420D71C7ED7E597D521B87 /* Pods-Pilot.release.xcconfig */,
				140D1170AD1739B0C47869FB /* Pods-PilotTests.debug.xcconfig */,
				55838F35841B46908B82725C /* Pods-PilotTests.release.xcconfig */,
				03EF02FDA5B627B737E2A1D7 /* Pods-PilotUITests.debug.xcconfig */,
				5D98F484C02889241ADABBBF /* Pods-PilotUITests.release.xcconfig */,
			);
			name = Pods;
			sourceTree = "<group>";
		};
		145EACD41BC0A49C00EE8790 /* services */ = {
			isa = PBXGroup;
			children = (
				145EACD51BC0A4F800EE8790 /* FacebookService.swift */,
				1418CD141BD4857900CD0540 /* PilotUserService.swift */,
				1418CD181BD48AFA00CD0540 /* PasswordService.swift */,
				9486F8791D207046006CD1EB /* FileService.swift */,
				94BBED941D234613001880D7 /* DirectoryService.swift */,
				94BBED981D25D972001880D7 /* Preferences.swift */,
				94C870CE1D3D99720005EFCC /* PlatformService.swift */,
				9486681F1D4EF82B00841272 /* DBController.swift */,
			);
			name = services;
			sourceTree = "<group>";
		};
		14C24E511E94A7A1008B284A /* PilotTests */ = {
			isa = PBXGroup;
			children = (
				14C24E521E94A7A1008B284A /* PilotTests.swift */,
				14C24E541E94A7A1008B284A /* Info.plist */,
			);
			path = PilotTests;
			sourceTree = "<group>";
		};
		14EA51761BB777E20099C25E = {
			isa = PBXGroup;
			children = (
				14EA51811BB777E20099C25E /* Pilot */,
				14EA519C1BB777E30099C25E /* PilotUITests */,
				14C24E511E94A7A1008B284A /* PilotTests */,
				14EA51801BB777E20099C25E /* Products */,
				0BB856601CAB388C0C9FAF00 /* Pods */,
				4C3D3BACC3B452506C9CE4B3 /* Frameworks */,
			);
			sourceTree = "<group>";
		};
		14EA51801BB777E20099C25E /* Products */ = {
			isa = PBXGroup;
			children = (
				14EA517F1BB777E20099C25E /* Pilot.app */,
				14EA51991BB777E30099C25E /* PilotUITests.xctest */,
				14C24E501E94A7A1008B284A /* PilotTests.xctest */,
			);
			name = Products;
			sourceTree = "<group>";
		};
		14EA51811BB777E20099C25E /* Pilot */ = {
			isa = PBXGroup;
			children = (
				946378CF1D5D9F80005CD845 /* error */,
				14EFF6C41D39EF55004A357E /* util */,
				145EACD41BC0A49C00EE8790 /* services */,
				14EA51B01BB797010099C25E /* models */,
				14EA51AB1BB778260099C25E /* interface */,
				14EA51841BB777E20099C25E /* Assets.xcassets */,
				14EA51891BB777E20099C25E /* Info.plist */,
			);
			path = Pilot;
			sourceTree = "<group>";
		};
		14EA519C1BB777E30099C25E /* PilotUITests */ = {
			isa = PBXGroup;
			children = (
				14EA519D1BB777E30099C25E /* PilotUITests.swift */,
				14EA519F1BB777E30099C25E /* Info.plist */,
			);
			path = PilotUITests;
			sourceTree = "<group>";
		};
		14EA51AB1BB778260099C25E /* interface */ = {
			isa = PBXGroup;
			children = (
				14EA51821BB777E20099C25E /* AppDelegate.swift */,
				942BF5AD1D63F25E004C98A1 /* MainMenu.xib */,
				1418CD101BD4825C00CD0540 /* LoginViewController.swift */,
				146693101BE94F1F006655A2 /* LoginViewController.xib */,
				14EA51AC1BB783640099C25E /* MainViewController.swift */,
				14EA51AD1BB783640099C25E /* MainViewController.xib */,
				946378D41D63AEB0005CD845 /* CollectionViewController.swift */,
				946378D51D63AEB0005CD845 /* CollectionViewController.xib */,
				94BBED921D22183D001880D7 /* FileCollectionViewItem.xib */,
				94ABC6B01D6433A70039CE70 /* UploadViewController.swift */,
				94ABC6B11D6433A70039CE70 /* UploadViewController.xib */,
			);
			name = interface;
			sourceTree = "<group>";
		};
		14EA51B01BB797010099C25E /* models */ = {
			isa = PBXGroup;
			children = (
				14EA51B11BB797720099C25E /* Platform.swift */,
				1418CD161BD488AA00CD0540 /* PilotUser.swift */,
				14E1BD841C5321D20021FF9F /* PilotFile.swift */,
				94E92A021D3E9A340045250F /* CloudFile.swift */,
				94E92A041D3E9A410045250F /* LocalFile.swift */,
			);
			name = models;
			sourceTree = "<group>";
		};
		14EFF6C41D39EF55004A357E /* util */ = {
			isa = PBXGroup;
			children = (
				14EFF6C51D39EF6B004A357E /* PilotColors.swift */,
			);
			name = util;
			sourceTree = "<group>";
		};
		4C3D3BACC3B452506C9CE4B3 /* Frameworks */ = {
			isa = PBXGroup;
			children = (
				3558379224EF4876BD6B8B00 /* Pods_Pilot.framework */,
				E61E40CFEC54A00CFD9AFAB3 /* Pods_PilotTests.framework */,
				320FA2151D50DC4CC5B30655 /* Pods_PilotUITests.framework */,
			);
			name = Frameworks;
			sourceTree = "<group>";
		};
		946378CF1D5D9F80005CD845 /* error */ = {
			isa = PBXGroup;
			children = (
				946378D01D5D9FCE005CD845 /* ErrorController.swift */,
			);
			name = error;
			sourceTree = "<group>";
		};
/* End PBXGroup section */

/* Begin PBXNativeTarget section */
		14C24E4F1E94A7A1008B284A /* PilotTests */ = {
			isa = PBXNativeTarget;
			buildConfigurationList = 14C24E571E94A7A1008B284A /* Build configuration list for PBXNativeTarget "PilotTests" */;
			buildPhases = (
				14C24E4C1E94A7A1008B284A /* Sources */,
				14C24E4D1E94A7A1008B284A /* Frameworks */,
				14C24E4E1E94A7A1008B284A /* Resources */,
			);
			buildRules = (
			);
			dependencies = (
				14C24E561E94A7A1008B284A /* PBXTargetDependency */,
			);
			name = PilotTests;
			productName = PilotTests;
			productReference = 14C24E501E94A7A1008B284A /* PilotTests.xctest */;
			productType = "com.apple.product-type.bundle.unit-test";
		};
		14EA517E1BB777E20099C25E /* Pilot */ = {
			isa = PBXNativeTarget;
			buildConfigurationList = 14EA51A21BB777E30099C25E /* Build configuration list for PBXNativeTarget "Pilot" */;
			buildPhases = (
				D2654A8D9AB5CEEFB6557F99 /* [CP] Check Pods Manifest.lock */,
				14EA517B1BB777E20099C25E /* Sources */,
				14EA517C1BB777E20099C25E /* Frameworks */,
				14EA517D1BB777E20099C25E /* Resources */,
				AD42018CF03B1F7DBFDBA10C /* [CP] Embed Pods Frameworks */,
				7FA13E37B93FB3F31F113E6E /* [CP] Copy Pods Resources */,
			);
			buildRules = (
			);
			dependencies = (
			);
			name = Pilot;
			productName = Pilot;
			productReference = 14EA517F1BB777E20099C25E /* Pilot.app */;
			productType = "com.apple.product-type.application";
		};
		14EA51981BB777E30099C25E /* PilotUITests */ = {
			isa = PBXNativeTarget;
			buildConfigurationList = 14EA51A81BB777E30099C25E /* Build configuration list for PBXNativeTarget "PilotUITests" */;
			buildPhases = (
				410D40CDCFF5D76C4DA09C4E /* [CP] Check Pods Manifest.lock */,
				14EA51951BB777E30099C25E /* Sources */,
				14EA51961BB777E30099C25E /* Frameworks */,
				14EA51971BB777E30099C25E /* Resources */,
				4CA4DC359B89B22BD7B465C5 /* [CP] Embed Pods Frameworks */,
				FE036F0B1E69F9E1719A941C /* [CP] Copy Pods Resources */,
			);
			buildRules = (
			);
			dependencies = (
				14EA519B1BB777E30099C25E /* PBXTargetDependency */,
			);
			name = PilotUITests;
			productName = PilotUITests;
			productReference = 14EA51991BB777E30099C25E /* PilotUITests.xctest */;
			productType = "com.apple.product-type.bundle.ui-testing";
		};
/* End PBXNativeTarget section */

/* Begin PBXProject section */
		14EA51771BB777E20099C25E /* Project object */ = {
			isa = PBXProject;
			attributes = {
				LastSwiftUpdateCheck = 0830;
				LastUpgradeCheck = 0830;
				ORGANIZATIONNAME = Sanction;
				TargetAttributes = {
					14C24E4F1E94A7A1008B284A = {
						CreatedOnToolsVersion = 8.3;
						ProvisioningStyle = Automatic;
						TestTargetID = 14EA517E1BB777E20099C25E;
					};
					14EA517E1BB777E20099C25E = {
						CreatedOnToolsVersion = 7.0;
						LastSwiftMigration = 0830;
					};
					14EA51981BB777E30099C25E = {
						CreatedOnToolsVersion = 7.0;
						LastSwiftMigration = 0830;
						TestTargetID = 14EA517E1BB777E20099C25E;
					};
				};
			};
			buildConfigurationList = 14EA517A1BB777E20099C25E /* Build configuration list for PBXProject "Pilot" */;
			compatibilityVersion = "Xcode 3.2";
			developmentRegion = English;
			hasScannedForEncodings = 0;
			knownRegions = (
				en,
				Base,
			);
			mainGroup = 14EA51761BB777E20099C25E;
			productRefGroup = 14EA51801BB777E20099C25E /* Products */;
			projectDirPath = "";
			projectRoot = "";
			targets = (
				14EA517E1BB777E20099C25E /* Pilot */,
				14EA51981BB777E30099C25E /* PilotUITests */,
				14C24E4F1E94A7A1008B284A /* PilotTests */,
			);
		};
/* End PBXProject section */

/* Begin PBXResourcesBuildPhase section */
		14C24E4E1E94A7A1008B284A /* Resources */ = {
			isa = PBXResourcesBuildPhase;
			buildActionMask = 2147483647;
			files = (
			);
			runOnlyForDeploymentPostprocessing = 0;
		};
		14EA517D1BB777E20099C25E /* Resources */ = {
			isa = PBXResourcesBuildPhase;
			buildActionMask = 2147483647;
			files = (
				94ABC6B31D6433A70039CE70 /* UploadViewController.xib in Resources */,
				946378D71D63AEB0005CD845 /* CollectionViewController.xib in Resources */,
				146693111BE94F1F006655A2 /* LoginViewController.xib in Resources */,
				14EA51851BB777E20099C25E /* Assets.xcassets in Resources */,
				94BBED931D22183D001880D7 /* FileCollectionViewItem.xib in Resources */,
				14EA51AF1BB783640099C25E /* MainViewController.xib in Resources */,
				942BF5AE1D63F25E004C98A1 /* MainMenu.xib in Resources */,
			);
			runOnlyForDeploymentPostprocessing = 0;
		};
		14EA51971BB777E30099C25E /* Resources */ = {
			isa = PBXResourcesBuildPhase;
			buildActionMask = 2147483647;
			files = (
			);
			runOnlyForDeploymentPostprocessing = 0;
		};
/* End PBXResourcesBuildPhase section */

/* Begin PBXShellScriptBuildPhase section */
		410D40CDCFF5D76C4DA09C4E /* [CP] Check Pods Manifest.lock */ = {
			isa = PBXShellScriptBuildPhase;
			buildActionMask = 2147483647;
			files = (
			);
			inputPaths = (
			);
			name = "[CP] Check Pods Manifest.lock";
			outputPaths = (
			);
			runOnlyForDeploymentPostprocessing = 0;
			shellPath = /bin/sh;
			shellScript = "diff \"${PODS_ROOT}/../Podfile.lock\" \"${PODS_ROOT}/Manifest.lock\" > /dev/null\nif [ $? != 0 ] ; then\n    # print error to STDERR\n    echo \"error: The sandbox is not in sync with the Podfile.lock. Run 'pod install' or update your CocoaPods installation.\" >&2\n    exit 1\nfi\n";
			showEnvVarsInLog = 0;
		};
		4CA4DC359B89B22BD7B465C5 /* [CP] Embed Pods Frameworks */ = {
			isa = PBXShellScriptBuildPhase;
			buildActionMask = 2147483647;
			files = (
			);
			inputPaths = (
			);
			name = "[CP] Embed Pods Frameworks";
			outputPaths = (
			);
			runOnlyForDeploymentPostprocessing = 0;
			shellPath = /bin/sh;
			shellScript = "\"${SRCROOT}/Pods/Target Support Files/Pods-PilotUITests/Pods-PilotUITests-frameworks.sh\"\n";
			showEnvVarsInLog = 0;
		};
		7FA13E37B93FB3F31F113E6E /* [CP] Copy Pods Resources */ = {
			isa = PBXShellScriptBuildPhase;
			buildActionMask = 2147483647;
			files = (
			);
			inputPaths = (
			);
			name = "[CP] Copy Pods Resources";
			outputPaths = (
			);
			runOnlyForDeploymentPostprocessing = 0;
			shellPath = /bin/sh;
			shellScript = "\"${SRCROOT}/Pods/Target Support Files/Pods-Pilot/Pods-Pilot-resources.sh\"\n";
			showEnvVarsInLog = 0;
		};
		AD42018CF03B1F7DBFDBA10C /* [CP] Embed Pods Frameworks */ = {
			isa = PBXShellScriptBuildPhase;
			buildActionMask = 2147483647;
			files = (
			);
			inputPaths = (
			);
			name = "[CP] Embed Pods Frameworks";
			outputPaths = (
			);
			runOnlyForDeploymentPostprocessing = 0;
			shellPath = /bin/sh;
			shellScript = "\"${SRCROOT}/Pods/Target Support Files/Pods-Pilot/Pods-Pilot-frameworks.sh\"\n";
			showEnvVarsInLog = 0;
		};
		D2654A8D9AB5CEEFB6557F99 /* [CP] Check Pods Manifest.lock */ = {
			isa = PBXShellScriptBuildPhase;
			buildActionMask = 2147483647;
			files = (
			);
			inputPaths = (
			);
			name = "[CP] Check Pods Manifest.lock";
			outputPaths = (
			);
			runOnlyForDeploymentPostprocessing = 0;
			shellPath = /bin/sh;
			shellScript = "diff \"${PODS_ROOT}/../Podfile.lock\" \"${PODS_ROOT}/Manifest.lock\" > /dev/null\nif [ $? != 0 ] ; then\n    # print error to STDERR\n    echo \"error: The sandbox is not in sync with the Podfile.lock. Run 'pod install' or update your CocoaPods installation.\" >&2\n    exit 1\nfi\n";
			showEnvVarsInLog = 0;
		};
		FE036F0B1E69F9E1719A941C /* [CP] Copy Pods Resources */ = {
			isa = PBXShellScriptBuildPhase;
			buildActionMask = 2147483647;
			files = (
			);
			inputPaths = (
			);
			name = "[CP] Copy Pods Resources";
			outputPaths = (
			);
			runOnlyForDeploymentPostprocessing = 0;
			shellPath = /bin/sh;
			shellScript = "\"${SRCROOT}/Pods/Target Support Files/Pods-PilotUITests/Pods-PilotUITests-resources.sh\"\n";
			showEnvVarsInLog = 0;
		};
/* End PBXShellScriptBuildPhase section */

/* Begin PBXSourcesBuildPhase section */
		14C24E4C1E94A7A1008B284A /* Sources */ = {
			isa = PBXSourcesBuildPhase;
			buildActionMask = 2147483647;
			files = (
				14C24E531E94A7A1008B284A /* PilotTests.swift in Sources */,
			);
			runOnlyForDeploymentPostprocessing = 0;
		};
		14EA517B1BB777E20099C25E /* Sources */ = {
			isa = PBXSourcesBuildPhase;
			buildActionMask = 2147483647;
			files = (
				946378D21D6035F1005CD845 /* LoginViewController.swift in Sources */,
				94ABC6B21D6433A70039CE70 /* UploadViewController.swift in Sources */,
				14EA51B21BB797720099C25E /* Platform.swift in Sources */,
				14EA51831BB777E20099C25E /* AppDelegate.swift in Sources */,
				946378D11D5D9FCE005CD845 /* ErrorController.swift in Sources */,
				14EA51AE1BB783640099C25E /* MainViewController.swift in Sources */,
				94BBED991D25D972001880D7 /* Preferences.swift in Sources */,
				9486F87A1D207046006CD1EB /* FileService.swift in Sources */,
				946378D31D60DF22005CD845 /* FacebookService.swift in Sources */,
				94E92A051D3E9A410045250F /* LocalFile.swift in Sources */,
				94C870CF1D3D99720005EFCC /* PlatformService.swift in Sources */,
				1418CD151BD4857900CD0540 /* PilotUserService.swift in Sources */,
				1418CD191BD48AFA00CD0540 /* PasswordService.swift in Sources */,
				946378D61D63AEB0005CD845 /* CollectionViewController.swift in Sources */,
				948668201D4EF82B00841272 /* DBController.swift in Sources */,
				14EFF6C61D39EF6B004A357E /* PilotColors.swift in Sources */,
				94BBED951D234613001880D7 /* DirectoryService.swift in Sources */,
				14E1BD851C5321D20021FF9F /* PilotFile.swift in Sources */,
				94E92A031D3E9A340045250F /* CloudFile.swift in Sources */,
				1418CD171BD488AA00CD0540 /* PilotUser.swift in Sources */,
			);
			runOnlyForDeploymentPostprocessing = 0;
		};
		14EA51951BB777E30099C25E /* Sources */ = {
			isa = PBXSourcesBuildPhase;
			buildActionMask = 2147483647;
			files = (
				14EA519E1BB777E30099C25E /* PilotUITests.swift in Sources */,
			);
			runOnlyForDeploymentPostprocessing = 0;
		};
/* End PBXSourcesBuildPhase section */

/* Begin PBXTargetDependency section */
		14C24E561E94A7A1008B284A /* PBXTargetDependency */ = {
			isa = PBXTargetDependency;
			target = 14EA517E1BB777E20099C25E /* Pilot */;
			targetProxy = 14C24E551E94A7A1008B284A /* PBXContainerItemProxy */;
		};
		14EA519B1BB777E30099C25E /* PBXTargetDependency */ = {
			isa = PBXTargetDependency;
			target = 14EA517E1BB777E20099C25E /* Pilot */;
			targetProxy = 14EA519A1BB777E30099C25E /* PBXContainerItemProxy */;
		};
/* End PBXTargetDependency section */

/* Begin XCBuildConfiguration section */
		14C24E581E94A7A1008B284A /* Debug */ = {
			isa = XCBuildConfiguration;
			buildSettings = {
				BUNDLE_LOADER = "$(TEST_HOST)";
				CLANG_ANALYZER_NONNULL = YES;
				CLANG_ANALYZER_NUMBER_OBJECT_CONVERSION = YES_AGGRESSIVE;
				CLANG_WARN_DOCUMENTATION_COMMENTS = YES;
				COMBINE_HIDPI_IMAGES = YES;
				INFOPLIST_FILE = PilotTests/Info.plist;
				LD_RUNPATH_SEARCH_PATHS = "$(inherited) @executable_path/../Frameworks @loader_path/../Frameworks";
				MACOSX_DEPLOYMENT_TARGET = 10.12;
				PRODUCT_BUNDLE_IDENTIFIER = com.sanction.PilotTests;
				PRODUCT_NAME = "$(TARGET_NAME)";
				SWIFT_ACTIVE_COMPILATION_CONDITIONS = DEBUG;
				SWIFT_VERSION = 3.0;
				TEST_HOST = "$(BUILT_PRODUCTS_DIR)/Pilot.app/Contents/MacOS/Pilot";
			};
			name = Debug;
		};
		14C24E591E94A7A1008B284A /* Release */ = {
			isa = XCBuildConfiguration;
			buildSettings = {
				BUNDLE_LOADER = "$(TEST_HOST)";
				CLANG_ANALYZER_NONNULL = YES;
				CLANG_ANALYZER_NUMBER_OBJECT_CONVERSION = YES_AGGRESSIVE;
				CLANG_WARN_DOCUMENTATION_COMMENTS = YES;
				COMBINE_HIDPI_IMAGES = YES;
				INFOPLIST_FILE = PilotTests/Info.plist;
				LD_RUNPATH_SEARCH_PATHS = "$(inherited) @executable_path/../Frameworks @loader_path/../Frameworks";
				MACOSX_DEPLOYMENT_TARGET = 10.12;
				PRODUCT_BUNDLE_IDENTIFIER = com.sanction.PilotTests;
				PRODUCT_NAME = "$(TARGET_NAME)";
				SWIFT_VERSION = 3.0;
				TEST_HOST = "$(BUILT_PRODUCTS_DIR)/Pilot.app/Contents/MacOS/Pilot";
			};
			name = Release;
		};
		14EA51A01BB777E30099C25E /* Debug */ = {
			isa = XCBuildConfiguration;
			buildSettings = {
				ALWAYS_SEARCH_USER_PATHS = NO;
				CLANG_CXX_LANGUAGE_STANDARD = "gnu++0x";
				CLANG_CXX_LIBRARY = "libc++";
				CLANG_ENABLE_MODULES = YES;
				CLANG_ENABLE_OBJC_ARC = YES;
				CLANG_WARN_BOOL_CONVERSION = YES;
				CLANG_WARN_CONSTANT_CONVERSION = YES;
				CLANG_WARN_DIRECT_OBJC_ISA_USAGE = YES_ERROR;
				CLANG_WARN_EMPTY_BODY = YES;
				CLANG_WARN_ENUM_CONVERSION = YES;
				CLANG_WARN_INFINITE_RECURSION = YES;
				CLANG_WARN_INT_CONVERSION = YES;
				CLANG_WARN_OBJC_ROOT_CLASS = YES_ERROR;
				CLANG_WARN_SUSPICIOUS_MOVE = YES;
				CLANG_WARN_UNREACHABLE_CODE = YES;
				CLANG_WARN__DUPLICATE_METHOD_MATCH = YES;
				CODE_SIGN_IDENTITY = "-";
				COPY_PHASE_STRIP = NO;
				DEBUG_INFORMATION_FORMAT = dwarf;
				ENABLE_STRICT_OBJC_MSGSEND = YES;
				ENABLE_TESTABILITY = YES;
				GCC_C_LANGUAGE_STANDARD = gnu99;
				GCC_DYNAMIC_NO_PIC = NO;
				GCC_NO_COMMON_BLOCKS = YES;
				GCC_OPTIMIZATION_LEVEL = 0;
				GCC_PREPROCESSOR_DEFINITIONS = (
					"DEBUG=1",
					"$(inherited)",
				);
				GCC_WARN_64_TO_32_BIT_CONVERSION = YES;
				GCC_WARN_ABOUT_RETURN_TYPE = YES_ERROR;
				GCC_WARN_UNDECLARED_SELECTOR = YES;
				GCC_WARN_UNINITIALIZED_AUTOS = YES_AGGRESSIVE;
				GCC_WARN_UNUSED_FUNCTION = YES;
				GCC_WARN_UNUSED_VARIABLE = YES;
				MACOSX_DEPLOYMENT_TARGET = 10.11;
				MTL_ENABLE_DEBUG_INFO = YES;
				ONLY_ACTIVE_ARCH = YES;
				SDKROOT = macosx;
				SWIFT_OPTIMIZATION_LEVEL = "-Onone";
			};
			name = Debug;
		};
		14EA51A11BB777E30099C25E /* Release */ = {
			isa = XCBuildConfiguration;
			buildSettings = {
				ALWAYS_SEARCH_USER_PATHS = NO;
				CLANG_CXX_LANGUAGE_STANDARD = "gnu++0x";
				CLANG_CXX_LIBRARY = "libc++";
				CLANG_ENABLE_MODULES = YES;
				CLANG_ENABLE_OBJC_ARC = YES;
				CLANG_WARN_BOOL_CONVERSION = YES;
				CLANG_WARN_CONSTANT_CONVERSION = YES;
				CLANG_WARN_DIRECT_OBJC_ISA_USAGE = YES_ERROR;
				CLANG_WARN_EMPTY_BODY = YES;
				CLANG_WARN_ENUM_CONVERSION = YES;
				CLANG_WARN_INFINITE_RECURSION = YES;
				CLANG_WARN_INT_CONVERSION = YES;
				CLANG_WARN_OBJC_ROOT_CLASS = YES_ERROR;
				CLANG_WARN_SUSPICIOUS_MOVE = YES;
				CLANG_WARN_UNREACHABLE_CODE = YES;
				CLANG_WARN__DUPLICATE_METHOD_MATCH = YES;
				CODE_SIGN_IDENTITY = "-";
				COPY_PHASE_STRIP = NO;
				DEBUG_INFORMATION_FORMAT = "dwarf-with-dsym";
				ENABLE_NS_ASSERTIONS = NO;
				ENABLE_STRICT_OBJC_MSGSEND = YES;
				GCC_C_LANGUAGE_STANDARD = gnu99;
				GCC_NO_COMMON_BLOCKS = YES;
				GCC_WARN_64_TO_32_BIT_CONVERSION = YES;
				GCC_WARN_ABOUT_RETURN_TYPE = YES_ERROR;
				GCC_WARN_UNDECLARED_SELECTOR = YES;
				GCC_WARN_UNINITIALIZED_AUTOS = YES_AGGRESSIVE;
				GCC_WARN_UNUSED_FUNCTION = YES;
				GCC_WARN_UNUSED_VARIABLE = YES;
				MACOSX_DEPLOYMENT_TARGET = 10.11;
				MTL_ENABLE_DEBUG_INFO = NO;
				SDKROOT = macosx;
				SWIFT_OPTIMIZATION_LEVEL = "-Owholemodule";
			};
			name = Release;
		};
		14EA51A31BB777E30099C25E /* Debug */ = {
			isa = XCBuildConfiguration;
			baseConfigurationReference = C41720A5880C55828DF900C8 /* Pods-Pilot.debug.xcconfig */;
			buildSettings = {
				ALWAYS_EMBED_SWIFT_STANDARD_LIBRARIES = YES;
				ASSETCATALOG_COMPILER_APPICON_NAME = AppIcon;
				COMBINE_HIDPI_IMAGES = YES;
				GCC_SYMBOLS_PRIVATE_EXTERN = YES;
				INFOPLIST_FILE = Pilot/Info.plist;
				LD_RUNPATH_SEARCH_PATHS = "$(inherited) @executable_path/../Frameworks";
				MACOSX_DEPLOYMENT_TARGET = 10.11;
				PRODUCT_BUNDLE_IDENTIFIER = com.sanction.Pilot;
				PRODUCT_NAME = "$(TARGET_NAME)";
				SWIFT_VERSION = 3.0;
			};
			name = Debug;
		};
		14EA51A41BB777E30099C25E /* Release */ = {
			isa = XCBuildConfiguration;
			baseConfigurationReference = 57420D71C7ED7E597D521B87 /* Pods-Pilot.release.xcconfig */;
			buildSettings = {
				ALWAYS_EMBED_SWIFT_STANDARD_LIBRARIES = YES;
				ASSETCATALOG_COMPILER_APPICON_NAME = AppIcon;
				COMBINE_HIDPI_IMAGES = YES;
				GCC_SYMBOLS_PRIVATE_EXTERN = YES;
				INFOPLIST_FILE = Pilot/Info.plist;
				LD_RUNPATH_SEARCH_PATHS = "$(inherited) @executable_path/../Frameworks";
				MACOSX_DEPLOYMENT_TARGET = 10.11;
				PRODUCT_BUNDLE_IDENTIFIER = com.sanction.Pilot;
				PRODUCT_NAME = "$(TARGET_NAME)";
				SWIFT_VERSION = 3.0;
			};
			name = Release;
		};
		14EA51A91BB777E30099C25E /* Debug */ = {
			isa = XCBuildConfiguration;
			baseConfigurationReference = 03EF02FDA5B627B737E2A1D7 /* Pods-PilotUITests.debug.xcconfig */;
			buildSettings = {
				ALWAYS_EMBED_SWIFT_STANDARD_LIBRARIES = YES;
				COMBINE_HIDPI_IMAGES = YES;
				INFOPLIST_FILE = PilotUITests/Info.plist;
				LD_RUNPATH_SEARCH_PATHS = "$(inherited) @executable_path/../Frameworks @loader_path/../Frameworks";
				PRODUCT_BUNDLE_IDENTIFIER = com.sanction.PilotUITests;
				PRODUCT_NAME = "$(TARGET_NAME)";
				SWIFT_VERSION = 3.0;
				TEST_TARGET_NAME = Pilot;
				USES_XCTRUNNER = YES;
			};
			name = Debug;
		};
		14EA51AA1BB777E30099C25E /* Release */ = {
			isa = XCBuildConfiguration;
			baseConfigurationReference = 5D98F484C02889241ADABBBF /* Pods-PilotUITests.release.xcconfig */;
			buildSettings = {
				ALWAYS_EMBED_SWIFT_STANDARD_LIBRARIES = YES;
				COMBINE_HIDPI_IMAGES = YES;
				INFOPLIST_FILE = PilotUITests/Info.plist;
				LD_RUNPATH_SEARCH_PATHS = "$(inherited) @executable_path/../Frameworks @loader_path/../Frameworks";
				PRODUCT_BUNDLE_IDENTIFIER = com.sanction.PilotUITests;
				PRODUCT_NAME = "$(TARGET_NAME)";
				SWIFT_VERSION = 3.0;
				TEST_TARGET_NAME = Pilot;
				USES_XCTRUNNER = YES;
			};
			name = Release;
		};
/* End XCBuildConfiguration section */

/* Begin XCConfigurationList section */
		14C24E571E94A7A1008B284A /* Build configuration list for PBXNativeTarget "PilotTests" */ = {
			isa = XCConfigurationList;
			buildConfigurations = (
				14C24E581E94A7A1008B284A /* Debug */,
				14C24E591E94A7A1008B284A /* Release */,
			);
			defaultConfigurationIsVisible = 0;
		};
		14EA517A1BB777E20099C25E /* Build configuration list for PBXProject "Pilot" */ = {
			isa = XCConfigurationList;
			buildConfigurations = (
				14EA51A01BB777E30099C25E /* Debug */,
				14EA51A11BB777E30099C25E /* Release */,
			);
			defaultConfigurationIsVisible = 0;
			defaultConfigurationName = Release;
		};
		14EA51A21BB777E30099C25E /* Build configuration list for PBXNativeTarget "Pilot" */ = {
			isa = XCConfigurationList;
			buildConfigurations = (
				14EA51A31BB777E30099C25E /* Debug */,
				14EA51A41BB777E30099C25E /* Release */,
			);
			defaultConfigurationIsVisible = 0;
			defaultConfigurationName = Release;
		};
		14EA51A81BB777E30099C25E /* Build configuration list for PBXNativeTarget "PilotUITests" */ = {
			isa = XCConfigurationList;
			buildConfigurations = (
				14EA51A91BB777E30099C25E /* Debug */,
				14EA51AA1BB777E30099C25E /* Release */,
			);
			defaultConfigurationIsVisible = 0;
			defaultConfigurationName = Release;
		};
/* End XCConfigurationList section */
	};
	rootObject = 14EA51771BB777E20099C25E /* Project object */;
}
